
Microsoft Visual Studio Solution File, Format Version 12.00
# Visual Studio 15
VisualStudioVersion = 15.0.27130.2036
MinimumVisualStudioVersion = 10.0.40219.1
Project("{FAE04EC0-301F-11D3-BF4B-00C04F79EFBC}") = "Test_", "Test_\Test_.csproj", "{9F3B77E7-9752-4606-9820-3B64375B357A}"
EndProject
Global
	GlobalSection(SolutionConfigurationPlatforms) = preSolution
		Debug|Any CPU = Debug|Any CPU
		Release|Any CPU = Release|Any CPU
	EndGlobalSection
	GlobalSection(ProjectConfigurationPlatforms) = postSolution
		{9F3B77E7-9752-4606-9820-3B64375B357A}.Debug|Any CPU.ActiveCfg = Debug|Any CPU
		{9F3B77E7-9752-4606-9820-3B64375B357A}.Debug|Any CPU.Build.0 = Debug|Any CPU
		{9F3B77E7-9752-4606-9820-3B64375B357A}.Release|Any CPU.ActiveCfg = Release|Any CPU
		{9F3B77E7-9752-4606-9820-3B64375B357A}.Release|Any CPU.Build.0 = Release|Any CPU
	EndGlobalSection
	GlobalSection(SolutionProperties) = preSolution
		HideSolutionNode = FALSE
	EndGlobalSection
	GlobalSection(ExtensibilityGlobals) = postSolution
		SolutionGuid = {B10896F5-C7A4-4755-A515-6975FA765DEA}
	EndGlobalSection
EndGlobal
